// !$*UTF8*$!
{
	archiveVersion = 1;
	classes = {
	};
	objectVersion = 56;
	objects = {

/* Begin PBXBuildFile section */
		FE2C71EB2DAD6B2F00BAABF9 /* HomeViewController.swift in Sources */ = {isa = PBXBuildFile; fileRef = FE2C71EA2DAD6B2F00BAABF9 /* HomeViewController.swift */; };
		FE2C72172DAD7CEB00BAABF9 /* LaunchManager.swift in Sources */ = {isa = PBXBuildFile; fileRef = FE2C72162DAD7CEB00BAABF9 /* LaunchManager.swift */; };
		FEFAB6CC2DAB902700CBCA78 /* AppDelegate.swift in Sources */ = {isa = PBXBuildFile; fileRef = FEFAB6CB2DAB902700CBCA78 /* AppDelegate.swift */; };
		FEFAB6CE2DAB902700CBCA78 /* SceneDelegate.swift in Sources */ = {isa = PBXBuildFile; fileRef = FEFAB6CD2DAB902700CBCA78 /* SceneDelegate.swift */; };
		FEFAB6D02DAB902700CBCA78 /* ViewController.swift in Sources */ = {isa = PBXBuildFile; fileRef = FEFAB6CF2DAB902700CBCA78 /* ViewController.swift */; };
		FEFAB6D32DAB902700CBCA78 /* Base in Resources */ = {isa = PBXBuildFile; fileRef = FEFAB6D22DAB902700CBCA78 /* Base */; };
		FEFAB6D52DAB902800CBCA78 /* Assets.xcassets in Resources */ = {isa = PBXBuildFile; fileRef = FEFAB6D42DAB902800CBCA78 /* Assets.xcassets */; };
		FEFAB6D82DAB902800CBCA78 /* Base in Resources */ = {isa = PBXBuildFile; fileRef = FEFAB6D72DAB902800CBCA78 /* Base */; };
		FEFAB6E02DAB970E00CBCA78 /* LoginOptionsViewController.swift in Sources */ = {isa = PBXBuildFile; fileRef = FEFAB6DF2DAB970E00CBCA78 /* LoginOptionsViewController.swift */; };
/* End PBXBuildFile section */

/* Begin PBXFileReference section */
		FE2C71EA2DAD6B2F00BAABF9 /* HomeViewController.swift */ = {isa = PBXFileReference; lastKnownFileType = sourcecode.swift; path = HomeViewController.swift; sourceTree = "<group>"; };
		FE2C72162DAD7CEB00BAABF9 /* LaunchManager.swift */ = {isa = PBXFileReference; fileEncoding = 4; lastKnownFileType = sourcecode.swift; path = LaunchManager.swift; sourceTree = "<group>"; };
		FEFAB6C82DAB902700CBCA78 /* SampleApp3.app */ = {isa = PBXFileReference; explicitFileType = wrapper.application; includeInIndex = 0; path = SampleApp3.app; sourceTree = BUILT_PRODUCTS_DIR; };
		FEFAB6CB2DAB902700CBCA78 /* AppDelegate.swift */ = {isa = PBXFileReference; lastKnownFileType = sourcecode.swift; path = AppDelegate.swift; sourceTree = "<group>"; };
		FEFAB6CD2DAB902700CBCA78 /* SceneDelegate.swift */ = {isa = PBXFileReference; lastKnownFileType = sourcecode.swift; path = SceneDelegate.swift; sourceTree = "<group>"; };
		FEFAB6CF2DAB902700CBCA78 /* ViewController.swift */ = {isa = PBXFileReference; lastKnownFileType = sourcecode.swift; path = ViewController.swift; sourceTree = "<group>"; };
		FEFAB6D22DAB902700CBCA78 /* Base */ = {isa = PBXFileReference; lastKnownFileType = file.storyboard; name = Base; path = Base.lproj/Main.storyboard; sourceTree = "<group>"; };
		FEFAB6D42DAB902800CBCA78 /* Assets.xcassets */ = {isa = PBXFileReference; lastKnownFileType = folder.assetcatalog; path = Assets.xcassets; sourceTree = "<group>"; };
		FEFAB6D72DAB902800CBCA78 /* Base */ = {isa = PBXFileReference; lastKnownFileType = file.storyboard; name = Base; path = Base.lproj/LaunchScreen.storyboard; sourceTree = "<group>"; };
		FEFAB6D92DAB902800CBCA78 /* Info.plist */ = {isa = PBXFileReference; lastKnownFileType = text.plist.xml; path = Info.plist; sourceTree = "<group>"; };
		FEFAB6DF2DAB970E00CBCA78 /* LoginOptionsViewController.swift */ = {isa = PBXFileReference; lastKnownFileType = sourcecode.swift; path = LoginOptionsViewController.swift; sourceTree = "<group>"; };
/* End PBXFileReference section */

/* Begin PBXFrameworksBuildPhase section */
		FEFAB6C52DAB902700CBCA78 /* Frameworks */ = {
			isa = PBXFrameworksBuildPhase;
			buildActionMask = 2147483647;
			files = (
			);
			runOnlyForDeploymentPostprocessing = 0;
		};
/* End PBXFrameworksBuildPhase section */

/* Begin PBXGroup section */
		FEFAB6BF2DAB902700CBCA78 = {
			isa = PBXGroup;
			children = (
				FEFAB6CA2DAB902700CBCA78 /* SampleApp3 */,
				FEFAB6C92DAB902700CBCA78 /* Products */,
			);
			sourceTree = "<group>";
		};
		FEFAB6C92DAB902700CBCA78 /* Products */ = {
			isa = PBXGroup;
			children = (
				FEFAB6C82DAB902700CBCA78 /* SampleApp3.app */,
			);
			name = Products;
			sourceTree = "<group>";
		};
		FEFAB6CA2DAB902700CBCA78 /* SampleApp3 */ = {
			isa = PBXGroup;
			children = (
				FEFAB6CB2DAB902700CBCA78 /* AppDelegate.swift */,
				FEFAB6CD2DAB902700CBCA78 /* SceneDelegate.swift */,
				FEFAB6CF2DAB902700CBCA78 /* ViewController.swift */,
				FEFAB6DF2DAB970E00CBCA78 /* LoginOptionsViewController.swift */,
				FE2C71EA2DAD6B2F00BAABF9 /* HomeViewController.swift */,
				FE2C72162DAD7CEB00BAABF9 /* LaunchManager.swift */,
				FEFAB6D12DAB902700CBCA78 /* Main.storyboard */,
				FEFAB6D42DAB902800CBCA78 /* Assets.xcassets */,
				FEFAB6D62DAB902800CBCA78 /* LaunchScreen.storyboard */,
				FEFAB6D92DAB902800CBCA78 /* Info.plist */,
			);
			path = SampleApp3;
			sourceTree = "<group>";
		};
/* End PBXGroup section */

/* Begin PBXNativeTarget section */
		FEFAB6C72DAB902700CBCA78 /* SampleApp3 */ = {
			isa = PBXNativeTarget;
			buildConfigurationList = FEFAB6DC2DAB902800CBCA78 /* Build configuration list for PBXNativeTarget "SampleApp3" */;
			buildPhases = (
				FEFAB6C42DAB902700CBCA78 /* Sources */,
				FEFAB6C52DAB902700CBCA78 /* Frameworks */,
				FEFAB6C62DAB902700CBCA78 /* Resources */,
			);
			buildRules = (
			);
			dependencies = (
			);
			name = SampleApp3;
			productName = SampleApp3;
			productReference = FEFAB6C82DAB902700CBCA78 /* SampleApp3.app */;
			productType = "com.apple.product-type.application";
		};
/* End PBXNativeTarget section */

/* Begin PBXProject section */
		FEFAB6C02DAB902700CBCA78 /* Project object */ = {
			isa = PBXProject;
			attributes = {
				BuildIndependentTargetsInParallel = 1;
				LastSwiftUpdateCheck = 1540;
				LastUpgradeCheck = 1540;
				TargetAttributes = {
					FEFAB6C72DAB902700CBCA78 = {
						CreatedOnToolsVersion = 15.4;
					};
				};
			};
			buildConfigurationList = FEFAB6C32DAB902700CBCA78 /* Build configuration list for PBXProject "SampleApp3" */;
			compatibilityVersion = "Xcode 14.0";
			developmentRegion = en;
			hasScannedForEncodings = 0;
			knownRegions = (
				en,
				Base,
			);
			mainGroup = FEFAB6BF2DAB902700CBCA78;
			productRefGroup = FEFAB6C92DAB902700CBCA78 /* Products */;
			projectDirPath = "";
			projectRoot = "";
			targets = (
				FEFAB6C72DAB902700CBCA78 /* SampleApp3 */,
			);
		};
/* End PBXProject section */

/* Begin PBXResourcesBuildPhase section */
		FEFAB6C62DAB902700CBCA78 /* Resources */ = {
			isa = PBXResourcesBuildPhase;
			buildActionMask = 2147483647;
			files = (
				FEFAB6D52DAB902800CBCA78 /* Assets.xcassets in Resources */,
				FEFAB6D82DAB902800CBCA78 /* Base in Resources */,
				FEFAB6D32DAB902700CBCA78 /* Base in Resources */,
			);
			runOnlyForDeploymentPostprocessing = 0;
		};
/* End PBXResourcesBuildPhase section */

/* Begin PBXSourcesBuildPhase section */
		FEFAB6C42DAB902700CBCA78 /* Sources */ = {
			isa = PBXSourcesBuildPhase;
			buildActionMask = 2147483647;
			files = (
				FE2C71EB2DAD6B2F00BAABF9 /* HomeViewController.swift in Sources */,
				FEFAB6D02DAB902700CBCA78 /* ViewController.swift in Sources */,
				FEFAB6CC2DAB902700CBCA78 /* AppDelegate.swift in Sources */,
				FEFAB6E02DAB970E00CBCA78 /* LoginOptionsViewController.swift in Sources */,
				FE2C72172DAD7CEB00BAABF9 /* LaunchManager.swift in Sources */,
				FEFAB6CE2DAB902700CBCA78 /* SceneDelegate.swift in Sources */,
			);
			runOnlyForDeploymentPostprocessing = 0;
		};
/* End PBXSourcesBuildPhase section */

/* Begin PBXVariantGroup section */
		FEFAB6D12DAB902700CBCA78 /* Main.storyboard */ = {
			isa = PBXVariantGroup;
			children = (
				FEFAB6D22DAB902700CBCA78 /* Base */,
			);
			name = Main.storyboard;
			sourceTree = "<group>";
		};
		FEFAB6D62DAB902800CBCA78 /* LaunchScreen.storyboard */ = {
			isa = PBXVariantGroup;
			children = (
				FEFAB6D72DAB902800CBCA78 /* Base */,
			);
			name = LaunchScreen.storyboard;
			sourceTree = "<group>";
		};
/* End PBXVariantGroup section */

/* Begin XCBuildConfiguration section */
		FEFAB6DA2DAB902800CBCA78 /* Debug */ = {
			isa = XCBuildConfiguration;
			buildSettings = {
				ALWAYS_SEARCH_USER_PATHS = NO;
				ASSETCATALOG_COMPILER_GENERATE_SWIFT_ASSET_SYMBOL_EXTENSIONS = YES;
				CLANG_ANALYZER_NONNULL = YES;
				CLANG_ANALYZER_NUMBER_OBJECT_CONVERSION = YES_AGGRESSIVE;
				CLANG_CXX_LANGUAGE_STANDARD = "gnu++20";
				CLANG_ENABLE_MODULES = YES;
				CLANG_ENABLE_OBJC_ARC = YES;
				CLANG_ENABLE_OBJC_WEAK = YES;
				CLANG_WARN_BLOCK_CAPTURE_AUTORELEASING = YES;
				CLANG_WARN_BOOL_CONVERSION = YES;
				CLANG_WARN_COMMA = YES;
				CLANG_WARN_CONSTANT_CONVERSION = YES;
				CLANG_WARN_DEPRECATED_OBJC_IMPLEMENTATIONS = YES;
				CLANG_WARN_DIRECT_OBJC_ISA_USAGE = YES_ERROR;
				CLANG_WARN_DOCUMENTATION_COMMENTS = YES;
				CLANG_WARN_EMPTY_BODY = YES;
				CLANG_WARN_ENUM_CONVERSION = YES;
				CLANG_WARN_INFINITE_RECURSION = YES;
				CLANG_WARN_INT_CONVERSION = YES;
				CLANG_WARN_NON_LITERAL_NULL_CONVERSION = YES;
				CLANG_WARN_OBJC_IMPLICIT_RETAIN_SELF = YES;
				CLANG_WARN_OBJC_LITERAL_CONVERSION = YES;
				CLANG_WARN_OBJC_ROOT_CLASS = YES_ERROR;
				CLANG_WARN_QUOTED_INCLUDE_IN_FRAMEWORK_HEADER = YES;
				CLANG_WARN_RANGE_LOOP_ANALYSIS = YES;
				CLANG_WARN_STRICT_PROTOTYPES = YES;
				CLANG_WARN_SUSPICIOUS_MOVE = YES;
				CLANG_WARN_UNGUARDED_AVAILABILITY = YES_AGGRESSIVE;
				CLANG_WARN_UNREACHABLE_CODE = YES;
				CLANG_WARN__DUPLICATE_METHOD_MATCH = YES;
				COPY_PHASE_STRIP = NO;
				DEBUG_INFORMATION_FORMAT = dwarf;
				ENABLE_STRICT_OBJC_MSGSEND = YES;
				ENABLE_TESTABILITY = YES;
				ENABLE_USER_SCRIPT_SANDBOXING = YES;
				GCC_C_LANGUAGE_STANDARD = gnu17;
				GCC_DYNAMIC_NO_PIC = NO;
				GCC_NO_COMMON_BLOCKS = YES;
				GCC_OPTIMIZATION_LEVEL = 0;
				GCC_PREPROCESSOR_DEFINITIONS = (
					"DEBUG=1",
					"$(inherited)",
				);
				GCC_WARN_64_TO_32_BIT_CONVERSION = YES;
				GCC_WARN_ABOUT_RETURN_TYPE = YES_ERROR;
				GCC_WARN_UNDECLARED_SELECTOR = YES;
				GCC_WARN_UNINITIALIZED_AUTOS = YES_AGGRESSIVE;
				GCC_WARN_UNUSED_FUNCTION = YES;
				GCC_WARN_UNUSED_VARIABLE = YES;
				IPHONEOS_DEPLOYMENT_TARGET = 17.5;
				LOCALIZATION_PREFERS_STRING_CATALOGS = YES;
				MTL_ENABLE_DEBUG_INFO = INCLUDE_SOURCE;
				MTL_FAST_MATH = YES;
				ONLY_ACTIVE_ARCH = YES;
				SDKROOT = iphoneos;
				SWIFT_ACTIVE_COMPILATION_CONDITIONS = "DEBUG $(inherited)";
				SWIFT_OPTIMIZATION_LEVEL = "-Onone";
			};
			name = Debug;
		};
		FEFAB6DB2DAB902800CBCA78 /* Release */ = {
			isa = XCBuildConfiguration;
			buildSettings = {
				ALWAYS_SEARCH_USER_PATHS = NO;
				ASSETCATALOG_COMPILER_GENERATE_SWIFT_ASSET_SYMBOL_EXTENSIONS = YES;
				CLANG_ANALYZER_NONNULL = YES;
				CLANG_ANALYZER_NUMBER_OBJECT_CONVERSION = YES_AGGRESSIVE;
				CLANG_CXX_LANGUAGE_STANDARD = "gnu++20";
				CLANG_ENABLE_MODULES = YES;
				CLANG_ENABLE_OBJC_ARC = YES;
				CLANG_ENABLE_OBJC_WEAK = YES;
				CLANG_WARN_BLOCK_CAPTURE_AUTORELEASING = YES;
				CLANG_WARN_BOOL_CONVERSION = YES;
				CLANG_WARN_COMMA = YES;
				CLANG_WARN_CONSTANT_CONVERSION = YES;
				CLANG_WARN_DEPRECATED_OBJC_IMPLEMENTATIONS = YES;
				CLANG_WARN_DIRECT_OBJC_ISA_USAGE = YES_ERROR;
				CLANG_WARN_DOCUMENTATION_COMMENTS = YES;
				CLANG_WARN_EMPTY_BODY = YES;
				CLANG_WARN_ENUM_CONVERSION = YES;
				CLANG_WARN_INFINITE_RECURSION = YES;
				CLANG_WARN_INT_CONVERSION = YES;
				CLANG_WARN_NON_LITERAL_NULL_CONVERSION = YES;
				CLANG_WARN_OBJC_IMPLICIT_RETAIN_SELF = YES;
				CLANG_WARN_OBJC_LITERAL_CONVERSION = YES;
				CLANG_WARN_OBJC_ROOT_CLASS = YES_ERROR;
				CLANG_WARN_QUOTED_INCLUDE_IN_FRAMEWORK_HEADER = YES;
				CLANG_WARN_RANGE_LOOP_ANALYSIS = YES;
				CLANG_WARN_STRICT_PROTOTYPES = YES;
				CLANG_WARN_SUSPICIOUS_MOVE = YES;
				CLANG_WARN_UNGUARDED_AVAILABILITY = YES_AGGRESSIVE;
				CLANG_WARN_UNREACHABLE_CODE = YES;
				CLANG_WARN__DUPLICATE_METHOD_MATCH = YES;
				COPY_PHASE_STRIP = NO;
				DEBUG_INFORMATION_FORMAT = "dwarf-with-dsym";
				ENABLE_NS_ASSERTIONS = NO;
				ENABLE_STRICT_OBJC_MSGSEND = YES;
				ENABLE_USER_SCRIPT_SANDBOXING = YES;
				GCC_C_LANGUAGE_STANDARD = gnu17;
				GCC_NO_COMMON_BLOCKS = YES;
				GCC_WARN_64_TO_32_BIT_CONVERSION = YES;
				GCC_WARN_ABOUT_RETURN_TYPE = YES_ERROR;
				GCC_WARN_UNDECLARED_SELECTOR = YES;
				GCC_WARN_UNINITIALIZED_AUTOS = YES_AGGRESSIVE;
				GCC_WARN_UNUSED_FUNCTION = YES;
				GCC_WARN_UNUSED_VARIABLE = YES;
				IPHONEOS_DEPLOYMENT_TARGET = 17.5;
				LOCALIZATION_PREFERS_STRING_CATALOGS = YES;
				MTL_ENABLE_DEBUG_INFO = NO;
				MTL_FAST_MATH = YES;
				SDKROOT = iphoneos;
				SWIFT_COMPILATION_MODE = wholemodule;
				VALIDATE_PRODUCT = YES;
			};
			name = Release;
		};
		FEFAB6DD2DAB902800CBCA78 /* Debug */ = {
			isa = XCBuildConfiguration;
			buildSettings = {
				ASSETCATALOG_COMPILER_APPICON_NAME = AppIcon;
				ASSETCATALOG_COMPILER_GLOBAL_ACCENT_COLOR_NAME = AccentColor;
				CODE_SIGN_STYLE = Automatic;
				CURRENT_PROJECT_VERSION = 1;
				GENERATE_INFOPLIST_FILE = YES;
				INFOPLIST_FILE = SampleApp3/Info.plist;
				INFOPLIST_KEY_UIApplicationSupportsIndirectInputEvents = YES;
				INFOPLIST_KEY_UILaunchStoryboardName = LaunchScreen;
				INFOPLIST_KEY_UIMainStoryboardFile = Main;
				INFOPLIST_KEY_UISupportedInterfaceOrientations_iPad = "UIInterfaceOrientationPortrait UIInterfaceOrientationPortraitUpsideDown UIInterfaceOrientationLandscapeLeft UIInterfaceOrientationLandscapeRight";
				INFOPLIST_KEY_UISupportedInterfaceOrientations_iPhone = "UIInterfaceOrientationPortrait UIInterfaceOrientationLandscapeLeft UIInterfaceOrientationLandscapeRight";
				LD_RUNPATH_SEARCH_PATHS = (
					"$(inherited)",
					"@executable_path/Frameworks",
				);
				MARKETING_VERSION = 1.0;
				PRODUCT_BUNDLE_IDENTIFIER = com.shivansh.SampleApp3;
				PRODUCT_NAME = "$(TARGET_NAME)";
				SWIFT_EMIT_LOC_STRINGS = YES;
				SWIFT_VERSION = 5.0;
				TARGETED_DEVICE_FAMILY = "1,2";
			};
			name = Debug;
		};
		FEFAB6DE2DAB902800CBCA78 /* Release */ = {
			isa = XCBuildConfiguration;
			buildSettings = {
				ASSETCATALOG_COMPILER_APPICON_NAME = AppIcon;
				ASSETCATALOG_COMPILER_GLOBAL_ACCENT_COLOR_NAME = AccentColor;
				CODE_SIGN_STYLE = Automatic;
				CURRENT_PROJECT_VERSION = 1;
				GENERATE_INFOPLIST_FILE = YES;
				INFOPLIST_FILE = SampleApp3/Info.plist;
				INFOPLIST_KEY_UIApplicationSupportsIndirectInputEvents = YES;
				INFOPLIST_KEY_UILaunchStoryboardName = LaunchScreen;
				INFOPLIST_KEY_UIMainStoryboardFile = Main;
				INFOPLIST_KEY_UISupportedInterfaceOrientations_iPad = "UIInterfaceOrientationPortrait UIInterfaceOrientationPortraitUpsideDown UIInterfaceOrientationLandscapeLeft UIInterfaceOrientationLandscapeRight";
				INFOPLIST_KEY_UISupportedInterfaceOrientations_iPhone = "UIInterfaceOrientationPortrait UIInterfaceOrientationLandscapeLeft UIInterfaceOrientationLandscapeRight";
				LD_RUNPATH_SEARCH_PATHS = (
					"$(inherited)",
					"@executable_path/Frameworks",
				);
				MARKETING_VERSION = 1.0;
				PRODUCT_BUNDLE_IDENTIFIER = com.shivansh.SampleApp3;
				PRODUCT_NAME = "$(TARGET_NAME)";
				SWIFT_EMIT_LOC_STRINGS = YES;
				SWIFT_VERSION = 5.0;
				TARGETED_DEVICE_FAMILY = "1,2";
			};
			name = Release;
		};
/* End XCBuildConfiguration section */

/* Begin XCConfigurationList section */
		FEFAB6C32DAB902700CBCA78 /* Build configuration list for PBXProject "SampleApp3" */ = {
			isa = XCConfigurationList;
			buildConfigurations = (
				FEFAB6DA2DAB902800CBCA78 /* Debug */,
				FEFAB6DB2DAB902800CBCA78 /* Release */,
			);
			defaultConfigurationIsVisible = 0;
			defaultConfigurationName = Release;
		};
		FEFAB6DC2DAB902800CBCA78 /* Build configuration list for PBXNativeTarget "SampleApp3" */ = {
			isa = XCConfigurationList;
			buildConfigurations = (
				FEFAB6DD2DAB902800CBCA78 /* Debug */,
				FEFAB6DE2DAB902800CBCA78 /* Release */,
			);
			defaultConfigurationIsVisible = 0;
			defaultConfigurationName = Release;
		};
/* End XCConfigurationList section */
	};
	rootObject = FEFAB6C02DAB902700CBCA78 /* Project object */;
}
